{
  "name": "zleave",
  "lockfileVersion": 3,
  "requires": true,
  "packages": {
    "": {
      "devDependencies": {
        "@types/qunit": "^2.19.14"
      }
    },
    "node_modules/@types/qunit": {
      "version": "2.19.14",
      "resolved": "https://registry.npmjs.org/@types/qunit/-/qunit-2.19.14.tgz",
      "integrity": "sha512-ou2RMtwyDnW1btrMnDMZeL6V5/yRRbuHKrRC6y8IuzDljjVzw6wPCVFb8p4qJD0NkUkf3BdZeJJIBzjK1BUUDQ==",
      "dev": true,
      "license": "MIT"
    }
  }
}
